
Microsoft Visual Studio Solution File, Format Version 12.00
# Visual Studio Version 17
VisualStudioVersion = 17.2.32630.192
MinimumVisualStudioVersion = 10.0.40219.1
Project("{9A19103F-16F7-4668-BE54-9A1E7A4F7556}") = "My_Store", "My_Store\My_Store.csproj", "{A878B676-1D07-4F2E-A3E4-71EFFCD16400}"
EndProject
Global
	GlobalSection(SolutionConfigurationPlatforms) = preSolution
		Debug|Any CPU = Debug|Any CPU
		Release|Any CPU = Release|Any CPU
	EndGlobalSection
	GlobalSection(ProjectConfigurationPlatforms) = postSolution
		{A878B676-1D07-4F2E-A3E4-71EFFCD16400}.Debug|Any CPU.ActiveCfg = Debug|Any CPU
		{A878B676-1D07-4F2E-A3E4-71EFFCD16400}.Debug|Any CPU.Build.0 = Debug|Any CPU
		{A878B676-1D07-4F2E-A3E4-71EFFCD16400}.Release|Any CPU.ActiveCfg = Release|Any CPU
		{A878B676-1D07-4F2E-A3E4-71EFFCD16400}.Release|Any CPU.Build.0 = Release|Any CPU
	EndGlobalSection
	GlobalSection(SolutionProperties) = preSolution
		HideSolutionNode = FALSE
	EndGlobalSection
	GlobalSection(ExtensibilityGlobals) = postSolution
		SolutionGuid = {4E37026F-8070-4574-989C-9B3BAC9AA679}
	EndGlobalSection
EndGlobal
